{
  "name": "worker-stub",
  "version": "1.0.0",
  "lockfileVersion": 1,
  "requires": true,
  "dependencies": {
    "@grpc/grpc-js": {
      "version": "1.9.12",
      "resolved": "https://registry.npmjs.org/@grpc/grpc-js/-/grpc-js-1.9.12.tgz",
      "integrity": "sha512-Um5MBuge32TS3lAKX02PGCnFM4xPT996yLgZNb5H03pn6NyJ4Iwn5YcPq6Jj9yxGRk7WOgaZFtVRH5iTdYBeUg==",
      "requires": {
        "@grpc/proto-loader": "^0.7.8",
        "@types/node": ">=12.12.47"
      },
      "dependencies": {
        "@grpc/proto-loader": {
          "version": "0.7.10",
          "resolved": "https://registry.npmjs.org/@grpc/proto-loader/-/proto-loader-0.7.10.tgz",
          "integrity": "sha512-CAqDfoaQ8ykFd9zqBDn4k6iWT9loLAlc2ETmDFS9JCD70gDcnA4L3AFEo2iV7KyAtAAHFW9ftq1Fz+Vsgq80RQ==",
          "requires": {
            "lodash.camelcase": "^4.3.0",
            "long": "^5.0.0",
            "protobufjs": "^7.2.4",
            "yargs": "^17.7.2"
          }
        },
        "long": {
          "version": "5.2.3",
          "resolved": "https://registry.npmjs.org/long/-/long-5.2.3.tgz",
          "integrity": "sha512-lcHwpNoggQTObv5apGNCTdJrO69eHOZMi4BNC+rTLER8iHAqGrUVeLh/irVIM7zTw2bOXA8T6uNPeujwOLg/2Q=="
        },
        "protobufjs": {
          "version": "7.2.5",
          "resolved": "https://registry.npmjs.org/protobufjs/-/protobufjs-7.2.5.tgz",
          "integrity": "sha512-gGXRSXvxQ7UiPgfw8gevrfRWcTlSbOFg+p/N+JVJEK5VhueL2miT6qTymqAmjr1Q5WbOCyJbyrk6JfWKwlFn6A==",
          "requires": {
            "@protobufjs/aspromise": "^1.1.2",
            "@protobufjs/base64": "^1.1.2",
            "@protobufjs/codegen": "^2.0.4",
            "@protobufjs/eventemitter": "^1.1.0",
            "@protobufjs/fetch": "^1.1.0",
            "@protobufjs/float": "^1.0.2",
            "@protobufjs/inquire": "^1.1.0",
            "@protobufjs/path": "^1.1.2",
            "@protobufjs/pool": "^1.1.0",
            "@protobufjs/utf8": "^1.1.0",
            "@types/node": ">=13.7.0",
            "long": "^5.0.0"
          }
        }
      }
    },
    "@grpc/proto-loader": {
      "version": "0.5.6",
      "resolved": "https://registry.npmjs.org/@grpc/proto-loader/-/proto-loader-0.5.6.tgz",
      "integrity": "sha512-DT14xgw3PSzPxwS13auTEwxhMMOoz33DPUKNtmYK/QYbBSpLXJy78FGGs5yVoxVobEqPm4iW9MOIoz0A3bLTRQ==",
      "requires": {
        "lodash.camelcase": "^4.3.0",
        "protobufjs": "^6.8.6"
      }
    },
    "@hkube/etcd": {
      "version": "5.0.32",
      "resolved": "https://registry.npmjs.org/@hkube/etcd/-/etcd-5.0.32.tgz",
      "integrity": "sha512-mlRpwhiv74X19lYnCEDrj7Hn/ZoDkTFqicTg9GSUrMbBU8yAoI0Hj+dVmL+UR3fM+oTbRBW06eCteEAIDIz0/Q==",
      "requires": {
        "@hkube/uid": "^1.0.4",
        "ajv": "^6.10.2",
        "etcd3": "^1.0.1",
        "lodash.merge": "^4.6.2",
        "moment": "^2.24.0",
        "string-template": "^1.0.0"
      },
      "dependencies": {
        "@grpc/proto-loader": {
          "version": "0.7.10",
          "resolved": "https://registry.npmjs.org/@grpc/proto-loader/-/proto-loader-0.7.10.tgz",
          "integrity": "sha512-CAqDfoaQ8ykFd9zqBDn4k6iWT9loLAlc2ETmDFS9JCD70gDcnA4L3AFEo2iV7KyAtAAHFW9ftq1Fz+Vsgq80RQ==",
          "requires": {
            "lodash.camelcase": "^4.3.0",
            "long": "^5.0.0",
            "protobufjs": "^7.2.4",
            "yargs": "^17.7.2"
          }
        },
        "ajv": {
          "version": "6.12.6",
          "resolved": "https://registry.npmjs.org/ajv/-/ajv-6.12.6.tgz",
          "integrity": "sha512-j3fVLgvTo527anyYyJOGTYJbG+vnnQYvE0m5mmkc1TK+nxAppkCLMIL0aZ4dblVCNoGShhm+kzE4ZUykBoMg4g==",
          "requires": {
            "fast-deep-equal": "^3.1.1",
            "fast-json-stable-stringify": "^2.0.0",
            "json-schema-traverse": "^0.4.1",
            "uri-js": "^4.2.2"
          }
        },
        "cockatiel": {
          "version": "3.1.1",
          "resolved": "https://registry.npmjs.org/cockatiel/-/cockatiel-3.1.1.tgz",
          "integrity": "sha512-zHMqBGvkZLfMKkBMD+0U8X1nW8zYwMtymgJ8CTknWOmTDpvjEwygtFN4QR9A1iFQDwCbg8g8+B/zVBoxvj1feQ=="
        },
        "etcd3": {
          "version": "1.1.2",
          "resolved": "https://registry.npmjs.org/etcd3/-/etcd3-1.1.2.tgz",
          "integrity": "sha512-YIampCz1/OmrVo/tR3QltAVUtYCQQOSFoqmHKKeoHbalm+WdXe3l4rhLIylklu8EzR/I3PBiOF4dC847dDskKg==",
          "requires": {
            "@grpc/grpc-js": "^1.8.20",
            "@grpc/proto-loader": "^0.7.8",
            "bignumber.js": "^9.1.1",
            "cockatiel": "^3.1.1"
          }
        },
        "fast-deep-equal": {
          "version": "3.1.3",
          "resolved": "https://registry.npmjs.org/fast-deep-equal/-/fast-deep-equal-3.1.3.tgz",
          "integrity": "sha512-f3qQ9oQy9j2AhBe/H9VC91wLmKBCCU/gDOnKNAYG5hswO7BLKj09Hc5HYNz9cGI++xlpDCIgDaitVs03ATR84Q=="
        },
        "json-schema-traverse": {
          "version": "0.4.1",
          "resolved": "https://registry.npmjs.org/json-schema-traverse/-/json-schema-traverse-0.4.1.tgz",
          "integrity": "sha512-xbbCH5dCYU5T8LcEhhuh7HJ88HXuW3qsI3Y0zOZFKfZEHcpWiHU/Jxzk629Brsab/mMiHQti9wMP+845RPe3Vg=="
        },
        "long": {
          "version": "5.2.3",
          "resolved": "https://registry.npmjs.org/long/-/long-5.2.3.tgz",
          "integrity": "sha512-lcHwpNoggQTObv5apGNCTdJrO69eHOZMi4BNC+rTLER8iHAqGrUVeLh/irVIM7zTw2bOXA8T6uNPeujwOLg/2Q=="
        },
        "protobufjs": {
          "version": "7.2.5",
          "resolved": "https://registry.npmjs.org/protobufjs/-/protobufjs-7.2.5.tgz",
          "integrity": "sha512-gGXRSXvxQ7UiPgfw8gevrfRWcTlSbOFg+p/N+JVJEK5VhueL2miT6qTymqAmjr1Q5WbOCyJbyrk6JfWKwlFn6A==",
          "requires": {
            "@protobufjs/aspromise": "^1.1.2",
            "@protobufjs/base64": "^1.1.2",
            "@protobufjs/codegen": "^2.0.4",
            "@protobufjs/eventemitter": "^1.1.0",
            "@protobufjs/fetch": "^1.1.0",
            "@protobufjs/float": "^1.0.2",
            "@protobufjs/inquire": "^1.1.0",
            "@protobufjs/path": "^1.1.2",
            "@protobufjs/pool": "^1.1.0",
            "@protobufjs/utf8": "^1.1.0",
            "@types/node": ">=13.7.0",
            "long": "^5.0.0"
          }
        }
      }
    },
    "@hkube/producer-consumer": {
      "version": "1.0.31",
      "resolved": "https://registry.npmjs.org/@hkube/producer-consumer/-/producer-consumer-1.0.31.tgz",
      "integrity": "sha512-xoC7VaZJm3YPAkwhtcLXrx2JQndju8LbxVkeDhYGKFHesx5tzrCXJtp6OEpu1/oWVAEUg2Z8DHh8MEMFyZ3PMQ==",
      "requires": {
        "@hkube/redis-utils": "^1.0.1",
        "bull": "^3.1.0",
        "djsv": "^3.0.3",
        "ioredis": "^3.1.4",
        "uuid": "^3.1.0"
      }
    },
    "@hkube/redis-utils": {
      "version": "1.0.2",
      "resolved": "https://registry.npmjs.org/@hkube/redis-utils/-/redis-utils-1.0.2.tgz",
      "integrity": "sha512-l6OmkwyOjecbwJklrwWdvt7rt9Q5j3SnA/m0aARLran6I0rf8KRmpunfKDrXpsD/mx5VUpQmZ0unf6Qnfq3egw==",
      "requires": {
        "ioredis": "^1.15.1"
      },
      "dependencies": {
        "ioredis": {
          "version": "1.15.1",
          "resolved": "https://registry.npmjs.org/ioredis/-/ioredis-1.15.1.tgz",
          "integrity": "sha1-UlJVzM1Ve904oO00ZhmfWesLnRw=",
          "requires": {
            "bluebird": "^2.9.34",
            "debug": "^2.2.0",
            "double-ended-queue": "^2.1.0-0",
            "flexbuffer": "0.0.6",
            "lodash": "^3.6.0"
          }
        },
        "lodash": {
          "version": "3.10.1",
          "resolved": "https://registry.npmjs.org/lodash/-/lodash-3.10.1.tgz",
          "integrity": "sha1-W/Rejkm6QYnhfUgnid/RW9FAt7Y="
        }
      }
    },
    "@hkube/uid": {
      "version": "1.0.4",
      "resolved": "https://registry.npmjs.org/@hkube/uid/-/uid-1.0.4.tgz",
      "integrity": "sha512-fBpAYapZeWaNX3uRyciXp9OhV4ayHdQ6PzbKH9hN4CZXmG+Q5rLVYGhHEYV/wXjt/nfc1Vn8S3K9c6E/+qpmww==",
      "requires": {
        "crypto-random-string": "^3.2.0",
        "uuid": "^8.1.0"
      },
      "dependencies": {
        "uuid": {
          "version": "8.3.2",
          "resolved": "https://registry.npmjs.org/uuid/-/uuid-8.3.2.tgz",
          "integrity": "sha512-+NYs2QeMWy+GWFOEm9xnn6HCDp0l7QBD7ml8zLUmJ+93Q5NF0NocErnwkTkXVFNiX3/fpC6afS8Dhb/gz7R7eg=="
        }
      }
    },
    "@protobufjs/aspromise": {
      "version": "1.1.2",
      "resolved": "https://registry.npmjs.org/@protobufjs/aspromise/-/aspromise-1.1.2.tgz",
      "integrity": "sha512-j+gKExEuLmKwvz3OgROXtrJ2UG2x8Ch2YZUxahh+s1F2HZ+wAceUNLkvy6zKCPVRkU++ZWQrdxsUeQXmcg4uoQ=="
    },
    "@protobufjs/base64": {
      "version": "1.1.2",
      "resolved": "https://registry.npmjs.org/@protobufjs/base64/-/base64-1.1.2.tgz",
      "integrity": "sha512-AZkcAA5vnN/v4PDqKyMR5lx7hZttPDgClv83E//FMNhR2TMcLUhfRUBHCmSl0oi9zMgDDqRUJkSxO3wm85+XLg=="
    },
    "@protobufjs/codegen": {
      "version": "2.0.4",
      "resolved": "https://registry.npmjs.org/@protobufjs/codegen/-/codegen-2.0.4.tgz",
      "integrity": "sha512-YyFaikqM5sH0ziFZCN3xDC7zeGaB/d0IUb9CATugHWbd1FRFwWwt4ld4OYMPWu5a3Xe01mGAULCdqhMlPl29Jg=="
    },
    "@protobufjs/eventemitter": {
      "version": "1.1.0",
      "resolved": "https://registry.npmjs.org/@protobufjs/eventemitter/-/eventemitter-1.1.0.tgz",
      "integrity": "sha512-j9ednRT81vYJ9OfVuXG6ERSTdEL1xVsNgqpkxMsbIabzSo3goCjDIveeGv5d03om39ML71RdmrGNjG5SReBP/Q=="
    },
    "@protobufjs/fetch": {
      "version": "1.1.0",
      "resolved": "https://registry.npmjs.org/@protobufjs/fetch/-/fetch-1.1.0.tgz",
      "integrity": "sha512-lljVXpqXebpsijW71PZaCYeIcE5on1w5DlQy5WH6GLbFryLUrBD4932W/E2BSpfRJWseIL4v/KPgBFxDOIdKpQ==",
      "requires": {
        "@protobufjs/aspromise": "^1.1.1",
        "@protobufjs/inquire": "^1.1.0"
      }
    },
    "@protobufjs/float": {
      "version": "1.0.2",
      "resolved": "https://registry.npmjs.org/@protobufjs/float/-/float-1.0.2.tgz",
      "integrity": "sha512-Ddb+kVXlXst9d+R9PfTIxh1EdNkgoRe5tOX6t01f1lYWOvJnSPDBlG241QLzcyPdoNTsblLUdujGSE4RzrTZGQ=="
    },
    "@protobufjs/inquire": {
      "version": "1.1.0",
      "resolved": "https://registry.npmjs.org/@protobufjs/inquire/-/inquire-1.1.0.tgz",
      "integrity": "sha512-kdSefcPdruJiFMVSbn801t4vFK7KB/5gd2fYvrxhuJYg8ILrmn9SKSX2tZdV6V+ksulWqS7aXjBcRXl3wHoD9Q=="
    },
    "@protobufjs/path": {
      "version": "1.1.2",
      "resolved": "https://registry.npmjs.org/@protobufjs/path/-/path-1.1.2.tgz",
      "integrity": "sha512-6JOcJ5Tm08dOHAbdR3GrvP+yUUfkjG5ePsHYczMFLq3ZmMkAD98cDgcT2iA1lJ9NVwFd4tH/iSSoe44YWkltEA=="
    },
    "@protobufjs/pool": {
      "version": "1.1.0",
      "resolved": "https://registry.npmjs.org/@protobufjs/pool/-/pool-1.1.0.tgz",
      "integrity": "sha512-0kELaGSIDBKvcgS4zkjz1PeddatrjYcmMWOlAuAPwAeccUrPHdUqo/J6LiymHHEiJT5NrF1UVwxY14f+fy4WQw=="
    },
    "@protobufjs/utf8": {
      "version": "1.1.0",
      "resolved": "https://registry.npmjs.org/@protobufjs/utf8/-/utf8-1.1.0.tgz",
      "integrity": "sha512-Vvn3zZrhQZkkBE8LSuW3em98c0FwgO4nxzv6OdSxPKJIEKY2bGbHn+mhGIPerzI4twdxaP8/0+06HBpwf345Lw=="
    },
    "@types/long": {
      "version": "4.0.2",
      "resolved": "https://registry.npmjs.org/@types/long/-/long-4.0.2.tgz",
      "integrity": "sha512-MqTGEo5bj5t157U6fA/BiDynNkn0YknVdh48CMPkTSpFTVmvao5UQmm7uEF6xBEo7qIMAlY/JSleYaE6VOdpaA=="
    },
    "@types/node": {
      "version": "20.10.1",
      "resolved": "https://registry.npmjs.org/@types/node/-/node-20.10.1.tgz",
      "integrity": "sha512-T2qwhjWwGH81vUEx4EXmBKsTJRXFXNZTL4v0gi01+zyBmCwzE6TyHszqX01m+QHTEq+EZNo13NeJIdEqf+Myrg==",
      "requires": {
        "undici-types": "~5.26.4"
      }
    },
    "ajv": {
      "version": "5.5.2",
      "resolved": "https://registry.npmjs.org/ajv/-/ajv-5.5.2.tgz",
      "integrity": "sha1-c7Xuyj+rZT49P5Qis0GtQiBdyWU=",
      "requires": {
        "co": "^4.6.0",
        "fast-deep-equal": "^1.0.0",
        "fast-json-stable-stringify": "^2.0.0",
        "json-schema-traverse": "^0.3.0"
      }
    },
    "ansi-regex": {
      "version": "5.0.1",
      "resolved": "https://registry.npmjs.org/ansi-regex/-/ansi-regex-5.0.1.tgz",
      "integrity": "sha512-quJQXlTSUGL2LH9SUXo8VwsY4soanhgo6LNSm84E1LBcE8s3O0wpdiRzyR9z/ZZJMlMWv37qOOb9pdJlMUEKFQ=="
    },
    "ansi-styles": {
      "version": "4.3.0",
      "resolved": "https://registry.npmjs.org/ansi-styles/-/ansi-styles-4.3.0.tgz",
      "integrity": "sha512-zbB9rCJAT1rbjiVDb2hqKFHNYLxgtk8NURxZ3IZwD3F6NtxbXZQCnnSi1Lkx+IDohdPlFp222wVALIheZJQSEg==",
      "requires": {
        "color-convert": "^2.0.1"
      }
    },
    "bignumber.js": {
      "version": "9.1.2",
      "resolved": "https://registry.npmjs.org/bignumber.js/-/bignumber.js-9.1.2.tgz",
      "integrity": "sha512-2/mKyZH9K85bzOEfhXDBFZTGd1CTs+5IHpeFQo9luiBG7hghdC851Pj2WAhb6E3R6b9tZj/XKhbg4fum+Kepug=="
    },
    "bluebird": {
      "version": "2.11.0",
      "resolved": "https://registry.npmjs.org/bluebird/-/bluebird-2.11.0.tgz",
      "integrity": "sha1-U0uQM8AiyVecVro7Plpcqvu2UOE="
    },
    "bull": {
      "version": "3.3.10",
      "resolved": "https://registry.npmjs.org/bull/-/bull-3.3.10.tgz",
      "integrity": "sha512-bO1w83BONVTE3Rb10e0wPf11lXH1fGFNGmZH4Ys9jR7jGN4qmTNo7odxm7ELhjKXofjiFLWZFuTdONCs8kV8ug==",
      "requires": {
        "bluebird": "^3.5.0",
        "cron-parser": "^2.4.1",
        "debuglog": "^1.0.0",
        "ioredis": "^3.1.4",
        "lodash": "^4.17.4",
        "semver": "^5.4.1",
        "uuid": "^3.1.0"
      },
      "dependencies": {
        "bluebird": {
          "version": "3.5.1",
          "resolved": "https://registry.npmjs.org/bluebird/-/bluebird-3.5.1.tgz",
          "integrity": "sha512-MKiLiV+I1AA596t9w1sQJ8jkiSr5+ZKi0WKrYGUn6d1Fx+Ij4tIj+m2WMQSGczs5jZVxV339chE8iwk6F64wjA=="
        }
      }
    },
    "cliui": {
      "version": "8.0.1",
      "resolved": "https://registry.npmjs.org/cliui/-/cliui-8.0.1.tgz",
      "integrity": "sha512-BSeNnyus75C4//NQ9gQt1/csTXyo/8Sb+afLAkzAptFuMsod9HFokGNudZpi/oQV73hnVK+sR+5PVRMd+Dr7YQ==",
      "requires": {
        "string-width": "^4.2.0",
        "strip-ansi": "^6.0.1",
        "wrap-ansi": "^7.0.0"
      }
    },
    "cluster-key-slot": {
      "version": "1.0.8",
      "resolved": "https://registry.npmjs.org/cluster-key-slot/-/cluster-key-slot-1.0.8.tgz",
      "integrity": "sha1-dlRVYIWmUzCTKi6LWXb44tCz5BQ="
    },
    "co": {
      "version": "4.6.0",
      "resolved": "https://registry.npmjs.org/co/-/co-4.6.0.tgz",
      "integrity": "sha1-bqa989hTrlTMuOR7+gvz+QMfsYQ="
    },
    "cockatiel": {
      "version": "1.1.1",
      "resolved": "https://registry.npmjs.org/cockatiel/-/cockatiel-1.1.1.tgz",
      "integrity": "sha512-YO02ZhTcK2HOZodksWfg4tS1GYYt1j7R6U1unAkwcQf1uoIYKSBqPrfqXlLNbsyMvkDXMwa2nuwZDHbUkB1VbQ=="
    },
    "color-convert": {
      "version": "2.0.1",
      "resolved": "https://registry.npmjs.org/color-convert/-/color-convert-2.0.1.tgz",
      "integrity": "sha512-RRECPsj7iu/xb5oKYcsFHSppFNnsj/52OVTRKb4zP5onXwVF3zVmmToNcOfGC+CRDpfK/U584fMg38ZHCaElKQ==",
      "requires": {
        "color-name": "~1.1.4"
      }
    },
    "color-name": {
      "version": "1.1.4",
      "resolved": "https://registry.npmjs.org/color-name/-/color-name-1.1.4.tgz",
      "integrity": "sha512-dOy+3AuW3a2wNbZHIuMZpTcgjGuLU/uBL/ubcZF9OXbDo8ff4O8yVp5Bf0efS8uEoYo5q4Fx7dY9OgQGXgAsQA=="
    },
    "cron-parser": {
      "version": "2.4.4",
      "resolved": "https://registry.npmjs.org/cron-parser/-/cron-parser-2.4.4.tgz",
      "integrity": "sha512-lNWu5pGRGF7y4kl/uRXY69mC8n0qhjTIDQmc3MIfNY5eEvGyYqFPewn+2YQXybJoa2LVVOmDQ/1WTWyQzAM8uA==",
      "requires": {
        "is-nan": "^1.2.1",
        "moment-timezone": "^0.5.0"
      }
    },
    "crypto-random-string": {
      "version": "3.3.1",
      "resolved": "https://registry.npmjs.org/crypto-random-string/-/crypto-random-string-3.3.1.tgz",
      "integrity": "sha512-5j88ECEn6h17UePrLi6pn1JcLtAiANa3KExyr9y9Z5vo2mv56Gh3I4Aja/B9P9uyMwyxNHAHWv+nE72f30T5Dg==",
      "requires": {
        "type-fest": "^0.8.1"
      }
    },
    "debug": {
      "version": "2.6.9",
      "resolved": "https://registry.npmjs.org/debug/-/debug-2.6.9.tgz",
      "integrity": "sha512-bC7ElrdJaJnPbAP+1EotYvqZsb3ecl5wi6Bfi6BJTUcNowp6cvspg0jXznRTKDjm/E7AdgFBVeAPVMNcKGsHMA==",
      "requires": {
        "ms": "2.0.0"
      }
    },
    "debuglog": {
      "version": "1.0.1",
      "resolved": "https://registry.npmjs.org/debuglog/-/debuglog-1.0.1.tgz",
      "integrity": "sha1-qiT/uaw9+aI1GDfPstJ5NgzXhJI="
    },
    "define-properties": {
      "version": "1.1.2",
      "resolved": "https://registry.npmjs.org/define-properties/-/define-properties-1.1.2.tgz",
      "integrity": "sha1-g6c/L+pWmJj7c3GTyPhzyvbUXJQ=",
      "requires": {
        "foreach": "^2.0.5",
        "object-keys": "^1.0.8"
      }
    },
    "denque": {
      "version": "1.2.3",
      "resolved": "https://registry.npmjs.org/denque/-/denque-1.2.3.tgz",
      "integrity": "sha512-BOjyD1zPf7gqgXlXBCnCsz84cbRNfqpQNvWOUiw3Onu9s7a2afW2LyHzctoie/2KELfUoZkNHTnW02C3hCU20w=="
    },
    "djsv": {
      "version": "3.0.3",
      "resolved": "https://registry.npmjs.org/djsv/-/djsv-3.0.3.tgz",
      "integrity": "sha512-9MFj2LeInxB5rdIKE2AOxwVpMvWNplRCzPVWi95NOYSnmyrZ7xgWJl2u6dGr5mCHPDRYBRJ0cXdYsUPYIHAf3w==",
      "requires": {
        "ajv": "^5.5.0",
        "lodash.curry": "^4.1.1",
        "lodash.isnil": "^4.0.0",
        "lodash.omitby": "^4.6.0"
      }
    },
    "double-ended-queue": {
      "version": "2.1.0-0",
      "resolved": "https://registry.npmjs.org/double-ended-queue/-/double-ended-queue-2.1.0-0.tgz",
      "integrity": "sha1-ED01J/0xUo9AGIEwyEHv3XgmTlw="
    },
    "emoji-regex": {
      "version": "8.0.0",
      "resolved": "https://registry.npmjs.org/emoji-regex/-/emoji-regex-8.0.0.tgz",
      "integrity": "sha512-MSjYzcWNOA0ewAHpz0MxpYFvwg6yjy1NG3xteoqz644VCo/RPgnr1/GGt+ic3iJTzQ8Eu3TdM14SawnVUmGE6A=="
    },
    "escalade": {
      "version": "3.1.1",
      "resolved": "https://registry.npmjs.org/escalade/-/escalade-3.1.1.tgz",
      "integrity": "sha512-k0er2gUkLf8O0zKJiAhmkTnJlTvINGv7ygDNPbeIsX/TJjGJZHuh9B2UxbsaEkmlEo9MfhrSzmhIlhRlI2GXnw=="
    },
    "etcd3": {
      "version": "1.0.0",
      "resolved": "https://registry.npmjs.org/etcd3/-/etcd3-1.0.0.tgz",
      "integrity": "sha512-6VA6sNNKSyAatK/7DuUkHaFdHOpyQhk2lZx+QER2AakTqt0oEoavz8IMKY94FNanQVIB01TpkAX4hv9bf75f8g==",
      "requires": {
        "@grpc/grpc-js": "^1.0.5",
        "@grpc/proto-loader": "^0.5.4",
        "bignumber.js": "^9.0.0",
        "cockatiel": "^1.0.0"
      }
    },
    "eval": {
      "version": "0.1.2",
      "resolved": "https://registry.npmjs.org/eval/-/eval-0.1.2.tgz",
      "integrity": "sha1-n3EDKEwQWmbfQDCysycxZYNwE9o=",
      "requires": {
        "require-like": ">= 0.1.1"
      }
    },
    "fast-deep-equal": {
      "version": "1.0.0",
      "resolved": "https://registry.npmjs.org/fast-deep-equal/-/fast-deep-equal-1.0.0.tgz",
      "integrity": "sha1-liVqO8l1WV6zbYLpkp0GDYk0Of8="
    },
    "fast-json-stable-stringify": {
      "version": "2.0.0",
      "resolved": "https://registry.npmjs.org/fast-json-stable-stringify/-/fast-json-stable-stringify-2.0.0.tgz",
      "integrity": "sha1-1RQsDK7msRifh9OnYREGT4bIu/I="
    },
    "flexbuffer": {
      "version": "0.0.6",
      "resolved": "https://registry.npmjs.org/flexbuffer/-/flexbuffer-0.0.6.tgz",
      "integrity": "sha1-A5/fI/iCPkQMOPMnfm/vEXQhWzA="
    },
    "foreach": {
      "version": "2.0.5",
      "resolved": "https://registry.npmjs.org/foreach/-/foreach-2.0.5.tgz",
      "integrity": "sha1-C+4AUBiusmDQo6865ljdATbsG5k="
    },
    "get-caller-file": {
      "version": "2.0.5",
      "resolved": "https://registry.npmjs.org/get-caller-file/-/get-caller-file-2.0.5.tgz",
      "integrity": "sha512-DyFP3BM/3YHTQOCUL/w0OZHR0lpKeGrxotcHWcqNEdnltqFwXVfhEBQ94eIo34AfQpo0rGki4cyIiftY06h2Fg=="
    },
    "ioredis": {
      "version": "3.2.2",
      "resolved": "https://registry.npmjs.org/ioredis/-/ioredis-3.2.2.tgz",
      "integrity": "sha512-g+ShTQYLsCcOUkNOK6CCEZbj3aRDVPw3WOwXk+LxlUKvuS9ujEqP2MppBHyRVYrNNFW/vcPaTBUZ2ctGNSiOCA==",
      "requires": {
        "bluebird": "^3.3.4",
        "cluster-key-slot": "^1.0.6",
        "debug": "^2.6.9",
        "denque": "^1.1.0",
        "flexbuffer": "0.0.6",
        "lodash.assign": "^4.2.0",
        "lodash.bind": "^4.2.1",
        "lodash.clone": "^4.5.0",
        "lodash.clonedeep": "^4.5.0",
        "lodash.defaults": "^4.2.0",
        "lodash.difference": "^4.5.0",
        "lodash.flatten": "^4.4.0",
        "lodash.foreach": "^4.5.0",
        "lodash.isempty": "^4.4.0",
        "lodash.keys": "^4.2.0",
        "lodash.noop": "^3.0.1",
        "lodash.partial": "^4.2.1",
        "lodash.pick": "^4.4.0",
        "lodash.sample": "^4.2.1",
        "lodash.shuffle": "^4.2.0",
        "lodash.values": "^4.3.0",
        "redis-commands": "^1.2.0",
        "redis-parser": "^2.4.0"
      },
      "dependencies": {
        "bluebird": {
          "version": "3.5.1",
          "resolved": "https://registry.npmjs.org/bluebird/-/bluebird-3.5.1.tgz",
          "integrity": "sha512-MKiLiV+I1AA596t9w1sQJ8jkiSr5+ZKi0WKrYGUn6d1Fx+Ij4tIj+m2WMQSGczs5jZVxV339chE8iwk6F64wjA=="
        },
        "lodash.bind": {
          "version": "4.2.1",
          "resolved": "https://registry.npmjs.org/lodash.bind/-/lodash.bind-4.2.1.tgz",
          "integrity": "sha1-euMBfpOWIqwxt9fX3LGzTbFpDTU="
        },
        "lodash.keys": {
          "version": "4.2.0",
          "resolved": "https://registry.npmjs.org/lodash.keys/-/lodash.keys-4.2.0.tgz",
          "integrity": "sha1-oIYCrBLk+4P5H8H7ejYKTZujUgU="
        }
      }
    },
    "is-fullwidth-code-point": {
      "version": "3.0.0",
      "resolved": "https://registry.npmjs.org/is-fullwidth-code-point/-/is-fullwidth-code-point-3.0.0.tgz",
      "integrity": "sha512-zymm5+u+sCsSWyD9qNaejV3DFvhCKclKdizYaJUuHA83RLjb7nSuGnddCHGv0hk+KY7BMAlsWeK4Ueg6EV6XQg=="
    },
    "is-nan": {
      "version": "1.2.1",
      "resolved": "https://registry.npmjs.org/is-nan/-/is-nan-1.2.1.tgz",
      "integrity": "sha1-n69ltvttskt/XAYoR16nH5iEAeI=",
      "requires": {
        "define-properties": "^1.1.1"
      }
    },
    "json-schema-traverse": {
      "version": "0.3.1",
      "resolved": "https://registry.npmjs.org/json-schema-traverse/-/json-schema-traverse-0.3.1.tgz",
      "integrity": "sha1-NJptRMU6Ud6JtAgFxdXlm0F9M0A="
    },
    "lodash": {
      "version": "4.17.5",
      "resolved": "https://registry.npmjs.org/lodash/-/lodash-4.17.5.tgz",
      "integrity": "sha512-svL3uiZf1RwhH+cWrfZn3A4+U58wbP0tGVTLQPbjplZxZ8ROD9VLuNgsRniTlLe7OlSqR79RUehXgpBW/s0IQw=="
    },
    "lodash.assign": {
      "version": "4.2.0",
      "resolved": "https://registry.npmjs.org/lodash.assign/-/lodash.assign-4.2.0.tgz",
      "integrity": "sha1-DZnzzNem0mHRm9rrkkUAXShYCOc="
    },
    "lodash.camelcase": {
      "version": "4.3.0",
      "resolved": "https://registry.npmjs.org/lodash.camelcase/-/lodash.camelcase-4.3.0.tgz",
      "integrity": "sha512-TwuEnCnxbc3rAvhf/LbG7tJUDzhqXyFnv3dtzLOPgCG/hODL7WFnsbwktkD7yUV0RrreP/l1PALq/YSg6VvjlA=="
    },
    "lodash.clone": {
      "version": "4.5.0",
      "resolved": "https://registry.npmjs.org/lodash.clone/-/lodash.clone-4.5.0.tgz",
      "integrity": "sha1-GVhwRQ9aExkkeN9Lw9I9LeoZB7Y="
    },
    "lodash.clonedeep": {
      "version": "4.5.0",
      "resolved": "https://registry.npmjs.org/lodash.clonedeep/-/lodash.clonedeep-4.5.0.tgz",
      "integrity": "sha1-4j8/nE+Pvd6HJSnBBxhXoIblzO8="
    },
    "lodash.curry": {
      "version": "4.1.1",
      "resolved": "https://registry.npmjs.org/lodash.curry/-/lodash.curry-4.1.1.tgz",
      "integrity": "sha1-JI42By7ekGUB11lmIAqG2riyMXA="
    },
    "lodash.defaults": {
      "version": "4.2.0",
      "resolved": "https://registry.npmjs.org/lodash.defaults/-/lodash.defaults-4.2.0.tgz",
      "integrity": "sha1-0JF4cW/+pN3p5ft7N/bwgCJ0WAw="
    },
    "lodash.difference": {
      "version": "4.5.0",
      "resolved": "https://registry.npmjs.org/lodash.difference/-/lodash.difference-4.5.0.tgz",
      "integrity": "sha1-nMtOUF1Ia5FlE0V3KIWi3yf9AXw="
    },
    "lodash.flatten": {
      "version": "4.4.0",
      "resolved": "https://registry.npmjs.org/lodash.flatten/-/lodash.flatten-4.4.0.tgz",
      "integrity": "sha1-8xwiIlqWMtK7+OSt2+8kCqdlph8="
    },
    "lodash.foreach": {
      "version": "4.5.0",
      "resolved": "https://registry.npmjs.org/lodash.foreach/-/lodash.foreach-4.5.0.tgz",
      "integrity": "sha1-Gmo16s5AEoDH8G3d7DUWWrJ+PlM="
    },
    "lodash.isempty": {
      "version": "4.4.0",
      "resolved": "https://registry.npmjs.org/lodash.isempty/-/lodash.isempty-4.4.0.tgz",
      "integrity": "sha1-b4bL7di+TsmHvpqvM8loTbGzHn4="
    },
    "lodash.isnil": {
      "version": "4.0.0",
      "resolved": "https://registry.npmjs.org/lodash.isnil/-/lodash.isnil-4.0.0.tgz",
      "integrity": "sha1-SeKM1VkBNFjIFMVHnTxmOiG/qmw="
    },
    "lodash.merge": {
      "version": "4.6.2",
      "resolved": "https://registry.npmjs.org/lodash.merge/-/lodash.merge-4.6.2.tgz",
      "integrity": "sha512-0KpjqXRVvrYyCsX1swR/XTK0va6VQkQM6MNo7PqW77ByjAhoARA8EfrP1N4+KlKj8YS0ZUCtRT/YUuhyYDujIQ=="
    },
    "lodash.noop": {
      "version": "3.0.1",
      "resolved": "https://registry.npmjs.org/lodash.noop/-/lodash.noop-3.0.1.tgz",
      "integrity": "sha1-OBiPTWUKOkdCWEObluxFsyYXEzw="
    },
    "lodash.omitby": {
      "version": "4.6.0",
      "resolved": "https://registry.npmjs.org/lodash.omitby/-/lodash.omitby-4.6.0.tgz",
      "integrity": "sha1-XBX/R1StVVAWtTwEExHo8HkgR5E="
    },
    "lodash.partial": {
      "version": "4.2.1",
      "resolved": "https://registry.npmjs.org/lodash.partial/-/lodash.partial-4.2.1.tgz",
      "integrity": "sha1-SfPYz9qjv/izqR0SfpIyRUGJYdQ="
    },
    "lodash.pick": {
      "version": "4.4.0",
      "resolved": "https://registry.npmjs.org/lodash.pick/-/lodash.pick-4.4.0.tgz",
      "integrity": "sha1-UvBWEP/53tQiYRRB7R/BI6AwAbM="
    },
    "lodash.sample": {
      "version": "4.2.1",
      "resolved": "https://registry.npmjs.org/lodash.sample/-/lodash.sample-4.2.1.tgz",
      "integrity": "sha1-XkKRsMdT+hq+sKq4+ynfG2bwf20="
    },
    "lodash.shuffle": {
      "version": "4.2.0",
      "resolved": "https://registry.npmjs.org/lodash.shuffle/-/lodash.shuffle-4.2.0.tgz",
      "integrity": "sha1-FFtQU8+HX29cKjP0i26ZSMbse0s="
    },
    "lodash.values": {
      "version": "4.3.0",
      "resolved": "https://registry.npmjs.org/lodash.values/-/lodash.values-4.3.0.tgz",
      "integrity": "sha1-o6bCsOvsxcLLocF+bmIP6BtT00c="
    },
    "long": {
      "version": "4.0.0",
      "resolved": "https://registry.npmjs.org/long/-/long-4.0.0.tgz",
      "integrity": "sha512-XsP+KhQif4bjX1kbuSiySJFNAehNxgLb6hPRGJ9QsUr8ajHkuXGdrHmFUTUUXhDwVX2R5bY4JNZEwbUiMhV+MA=="
    },
    "moment": {
      "version": "2.29.4",
      "resolved": "https://registry.npmjs.org/moment/-/moment-2.29.4.tgz",
      "integrity": "sha512-5LC9SOxjSc2HF6vO2CyuTDNivEdoz2IvyJJGj6X8DJ0eFyfszE0QiEd+iXmBvUP3WHxSjFH/vIsA0EN00cgr8w=="
    },
    "moment-timezone": {
      "version": "0.5.14",
      "resolved": "https://registry.npmjs.org/moment-timezone/-/moment-timezone-0.5.14.tgz",
      "integrity": "sha1-TrOP+VOLgBCLpGekWPPtQmjM/LE=",
      "requires": {
        "moment": ">= 2.9.0"
      }
    },
    "ms": {
      "version": "2.0.0",
      "resolved": "https://registry.npmjs.org/ms/-/ms-2.0.0.tgz",
      "integrity": "sha1-VgiurfwAvmwpAd9fmGF4jeDVl8g="
    },
    "object-keys": {
      "version": "1.0.11",
      "resolved": "https://registry.npmjs.org/object-keys/-/object-keys-1.0.11.tgz",
      "integrity": "sha1-xUYBd4rVYPEULODgG8yotW0TQm0="
    },
    "protobufjs": {
      "version": "6.11.4",
      "resolved": "https://registry.npmjs.org/protobufjs/-/protobufjs-6.11.4.tgz",
      "integrity": "sha512-5kQWPaJHi1WoCpjTGszzQ32PG2F4+wRY6BmAT4Vfw56Q2FZ4YZzK20xUYQH4YkfehY1e6QSICrJquM6xXZNcrw==",
      "requires": {
        "@protobufjs/aspromise": "^1.1.2",
        "@protobufjs/base64": "^1.1.2",
        "@protobufjs/codegen": "^2.0.4",
        "@protobufjs/eventemitter": "^1.1.0",
        "@protobufjs/fetch": "^1.1.0",
        "@protobufjs/float": "^1.0.2",
        "@protobufjs/inquire": "^1.1.0",
        "@protobufjs/path": "^1.1.2",
        "@protobufjs/pool": "^1.1.0",
        "@protobufjs/utf8": "^1.1.0",
        "@types/long": "^4.0.1",
        "@types/node": ">=13.7.0",
        "long": "^4.0.0"
      }
    },
    "punycode": {
      "version": "2.3.1",
      "resolved": "https://registry.npmjs.org/punycode/-/punycode-2.3.1.tgz",
      "integrity": "sha512-vYt7UD1U9Wg6138shLtLOvdAu+8DsC/ilFtEVHcH+wydcSpNE20AfSOduf6MkRFahL5FY7X1oU7nKVZFtfq8Fg=="
    },
    "redis-commands": {
      "version": "1.3.1",
      "resolved": "https://registry.npmjs.org/redis-commands/-/redis-commands-1.3.1.tgz",
      "integrity": "sha1-gdgm9F+pyLIBH0zXoP5ZfSQdRCs="
    },
    "redis-parser": {
      "version": "2.6.0",
      "resolved": "https://registry.npmjs.org/redis-parser/-/redis-parser-2.6.0.tgz",
      "integrity": "sha1-Uu0J2srBCPGmMcB+m2mUHnoZUEs="
    },
    "require-directory": {
      "version": "2.1.1",
      "resolved": "https://registry.npmjs.org/require-directory/-/require-directory-2.1.1.tgz",
      "integrity": "sha512-fGxEI7+wsG9xrvdjsrlmL22OMTTiHRwAMroiEeMgq8gzoLC/PQr7RsRDSTLUg/bZAZtF+TVIkHc6/4RIKrui+Q=="
    },
    "require-like": {
      "version": "0.1.2",
      "resolved": "https://registry.npmjs.org/require-like/-/require-like-0.1.2.tgz",
      "integrity": "sha1-rW8wwTvs15cBDEaK+ndcDAprR/o="
    },
    "semver": {
      "version": "5.5.0",
      "resolved": "https://registry.npmjs.org/semver/-/semver-5.5.0.tgz",
      "integrity": "sha512-4SJ3dm0WAwWy/NVeioZh5AntkdJoWKxHxcmyP622fOkgHa4z3R0TdBJICINyaSDE6uNwVc8gZr+ZinwZAH4xIA=="
    },
    "string-template": {
      "version": "1.0.0",
      "resolved": "https://registry.npmjs.org/string-template/-/string-template-1.0.0.tgz",
      "integrity": "sha512-SLqR3GBUXuoPP5MmYtD7ompvXiG87QjT6lzOszyXjTM86Uu7At7vNnt2xgyTLq5o9T4IxTYFyGxcULqpsmsfdg=="
    },
    "string-width": {
      "version": "4.2.3",
      "resolved": "https://registry.npmjs.org/string-width/-/string-width-4.2.3.tgz",
      "integrity": "sha512-wKyQRQpjJ0sIp62ErSZdGsjMJWsap5oRNihHhu6G7JVO/9jIB6UyevL+tXuOqrng8j/cxKTWyWUwvSTriiZz/g==",
      "requires": {
        "emoji-regex": "^8.0.0",
        "is-fullwidth-code-point": "^3.0.0",
        "strip-ansi": "^6.0.1"
      }
    },
    "strip-ansi": {
      "version": "6.0.1",
      "resolved": "https://registry.npmjs.org/strip-ansi/-/strip-ansi-6.0.1.tgz",
      "integrity": "sha512-Y38VPSHcqkFrCpFnQ9vuSXmquuv5oXOKpGeT6aGrr3o3Gc9AlVa6JBfUSOCnbxGGZF+/0ooI7KrPuUSztUdU5A==",
      "requires": {
        "ansi-regex": "^5.0.1"
      }
    },
    "type-fest": {
      "version": "0.8.1",
      "resolved": "https://registry.npmjs.org/type-fest/-/type-fest-0.8.1.tgz",
      "integrity": "sha512-4dbzIzqvjtgiM5rw1k5rEHtBANKmdudhGyBEajN01fEyhaAIhsoKNy6y7+IN93IfpFtwY9iqi7kD+xwKhQsNJA=="
    },
    "undici-types": {
      "version": "5.26.5",
      "resolved": "https://registry.npmjs.org/undici-types/-/undici-types-5.26.5.tgz",
      "integrity": "sha512-JlCMO+ehdEIKqlFxk6IfVoAUVmgz7cU7zD/h9XZ0qzeosSHmUJVOzSQvvYSYWXkFXC+IfLKSIffhv0sVZup6pA=="
    },
    "uri-js": {
      "version": "4.4.1",
      "resolved": "https://registry.npmjs.org/uri-js/-/uri-js-4.4.1.tgz",
      "integrity": "sha512-7rKUyy33Q1yc98pQ1DAmLtwX109F7TIfWlW1Ydo8Wl1ii1SeHieeh0HHfPeL2fMXK6z0s8ecKs9frCuLJvndBg==",
      "requires": {
        "punycode": "^2.1.0"
      }
    },
    "uuid": {
      "version": "3.2.1",
      "resolved": "https://registry.npmjs.org/uuid/-/uuid-3.2.1.tgz",
      "integrity": "sha512-jZnMwlb9Iku/O3smGWvZhauCf6cvvpKi4BKRiliS3cxnI+Gz9j5MEpTz2UFuXiKPJocb7gnsLHwiS05ige5BEA=="
    },
    "wrap-ansi": {
      "version": "7.0.0",
      "resolved": "https://registry.npmjs.org/wrap-ansi/-/wrap-ansi-7.0.0.tgz",
      "integrity": "sha512-YVGIj2kamLSTxw6NsZjoBxfSwsn0ycdesmc4p+Q21c5zPuZ1pl+NfxVdxPtdHvmNVOQ6XSYG4AUtyt/Fi7D16Q==",
      "requires": {
        "ansi-styles": "^4.0.0",
        "string-width": "^4.1.0",
        "strip-ansi": "^6.0.0"
      }
    },
    "y18n": {
      "version": "5.0.8",
      "resolved": "https://registry.npmjs.org/y18n/-/y18n-5.0.8.tgz",
      "integrity": "sha512-0pfFzegeDWJHJIAmTLRP2DwHjdF5s7jo9tuztdQxAhINCdvS+3nGINqPd00AphqJR/0LhANUS6/+7SCb98YOfA=="
    },
    "yargs": {
      "version": "17.7.2",
      "resolved": "https://registry.npmjs.org/yargs/-/yargs-17.7.2.tgz",
      "integrity": "sha512-7dSzzRQ++CKnNI/krKnYRV7JKKPUXMEh61soaHKg9mrWEhzFWhFnxPxGl+69cD1Ou63C13NUPCnmIcrvqCuM6w==",
      "requires": {
        "cliui": "^8.0.1",
        "escalade": "^3.1.1",
        "get-caller-file": "^2.0.5",
        "require-directory": "^2.1.1",
        "string-width": "^4.2.3",
        "y18n": "^5.0.5",
        "yargs-parser": "^21.1.1"
      }
    },
    "yargs-parser": {
      "version": "21.1.1",
      "resolved": "https://registry.npmjs.org/yargs-parser/-/yargs-parser-21.1.1.tgz",
      "integrity": "sha512-tVpsJW7DdjecAiFpbIB1e3qxIQsE6NoPc5/eTdrbbIC4h0LVsWhnoa3g+m2HclBIujHzsxZ4VJVA+GUuc2/LBw=="
    }
  }
}
